PODS:
  - device_identifier (0.0.1):
    - Flutter
  - Flutter (1.0.0)

DEPENDENCIES:
  - device_identifier (from `.symlinks/plugins/device_identifier/ios`)
  - Flutter (from `Flutter`)

EXTERNAL SOURCES:
  device_identifier:
    :path: ".symlinks/plugins/device_identifier/ios"
  Flutter:
    :path: Flutter

SPEC CHECKSUMS:
  device_identifier: 43ac773f6dba9a146a324e8f5d885607f1c633e5
  Flutter: 0e3d915762c693b495b44d77113d4970485de6ec

PODFILE CHECKSUM: 1b66dae606f75376c5f2135a8290850eeb09ae83

COCOAPODS: 1.8.4
